<?xml version="1.0" encoding="UTF-8"?>
<CodeBlocks_project_file>
	<FileVersion major="1" minor="6"/>
	<Project>
		<Option title="GEAN"/>
		<Option makefile_is_custom="1"/>
		<Option compiler="gcc"/>
		<Option virtualFolders="CMake Files\;CMake Files\googletest\;CMake Files\googletest\googletest\;CMake Files\googletest\googletest\cmake\;"/>
		<Build>
			<Target title="all">
				<Option working_dir="/Users/song/Dropbox/gean"/>
				<Option type="4"/>
				<MakeCommands>
					<Build command="/usr/bin/make -j4 -f &quot;/Users/song/Dropbox/gean/Makefile&quot;  VERBOSE=1 all"/>
					<CompileFile command="/usr/bin/make -j4 -f &quot;/Users/song/Dropbox/gean/Makefile&quot;  VERBOSE=1 &quot;$file&quot;"/>
					<Clean command="/usr/bin/make -j4 -f &quot;/Users/song/Dropbox/gean/Makefile&quot;  VERBOSE=1 clean"/>
					<DistClean command="/usr/bin/make -j4 -f &quot;/Users/song/Dropbox/gean/Makefile&quot;  VERBOSE=1 clean"/>
				</MakeCommands>
			</Target>
			<Target title="rebuild_cache">
				<Option working_dir="/Users/song/Dropbox/gean"/>
				<Option type="4"/>
				<MakeCommands>
					<Build command="/usr/bin/make -j4 -f &quot;/Users/song/Dropbox/gean/Makefile&quot;  VERBOSE=1 rebuild_cache"/>
					<CompileFile command="/usr/bin/make -j4 -f &quot;/Users/song/Dropbox/gean/Makefile&quot;  VERBOSE=1 &quot;$file&quot;"/>
					<Clean command="/usr/bin/make -j4 -f &quot;/Users/song/Dropbox/gean/Makefile&quot;  VERBOSE=1 clean"/>
					<DistClean command="/usr/bin/make -j4 -f &quot;/Users/song/Dropbox/gean/Makefile&quot;  VERBOSE=1 clean"/>
				</MakeCommands>
			</Target>
			<Target title="edit_cache">
				<Option working_dir="/Users/song/Dropbox/gean"/>
				<Option type="4"/>
				<MakeCommands>
					<Build command="/usr/bin/make -j4 -f &quot;/Users/song/Dropbox/gean/Makefile&quot;  VERBOSE=1 edit_cache"/>
					<CompileFile command="/usr/bin/make -j4 -f &quot;/Users/song/Dropbox/gean/Makefile&quot;  VERBOSE=1 &quot;$file&quot;"/>
					<Clean command="/usr/bin/make -j4 -f &quot;/Users/song/Dropbox/gean/Makefile&quot;  VERBOSE=1 clean"/>
					<DistClean command="/usr/bin/make -j4 -f &quot;/Users/song/Dropbox/gean/Makefile&quot;  VERBOSE=1 clean"/>
				</MakeCommands>
			</Target>
			<Target title="gean">
				<Option output="/Users/song/Dropbox/gean/gean" prefix_auto="0" extension_auto="0"/>
				<Option working_dir="/Users/song/Dropbox/gean"/>
				<Option object_output="./"/>
				<Option type="1"/>
				<Option compiler="gcc"/>
				<Compiler>
					<Add directory="/Users/song/Dropbox/gean/googletest/googletest"/>
					<Add directory="/Users/song/Dropbox/gean/googletest/googletest/include"/>
					<Add directory="/Applications/Xcode.app/Contents/Developer/Toolchains/XcodeDefault.xctoolchain/usr/include/c++/v1"/>
					<Add directory="/usr/local/include"/>
					<Add directory="/Applications/Xcode.app/Contents/Developer/Toolchains/XcodeDefault.xctoolchain/usr/lib/clang/9.1.0/include"/>
					<Add directory="/Applications/Xcode.app/Contents/Developer/Toolchains/XcodeDefault.xctoolchain/usr/include"/>
					<Add directory="/System/Library/Frameworks"/>
					<Add directory="/Library/Frameworks"/>
				</Compiler>
				<MakeCommands>
					<Build command="/usr/bin/make -j4 -f &quot;/Users/song/Dropbox/gean/Makefile&quot;  VERBOSE=1 gean"/>
					<CompileFile command="/usr/bin/make -j4 -f &quot;/Users/song/Dropbox/gean/Makefile&quot;  VERBOSE=1 &quot;$file&quot;"/>
					<Clean command="/usr/bin/make -j4 -f &quot;/Users/song/Dropbox/gean/Makefile&quot;  VERBOSE=1 clean"/>
					<DistClean command="/usr/bin/make -j4 -f &quot;/Users/song/Dropbox/gean/Makefile&quot;  VERBOSE=1 clean"/>
				</MakeCommands>
			</Target>
			<Target title="gean/fast">
				<Option output="/Users/song/Dropbox/gean/gean" prefix_auto="0" extension_auto="0"/>
				<Option working_dir="/Users/song/Dropbox/gean"/>
				<Option object_output="./"/>
				<Option type="1"/>
				<Option compiler="gcc"/>
				<Compiler>
					<Add directory="/Users/song/Dropbox/gean/googletest/googletest"/>
					<Add directory="/Users/song/Dropbox/gean/googletest/googletest/include"/>
					<Add directory="/Applications/Xcode.app/Contents/Developer/Toolchains/XcodeDefault.xctoolchain/usr/include/c++/v1"/>
					<Add directory="/usr/local/include"/>
					<Add directory="/Applications/Xcode.app/Contents/Developer/Toolchains/XcodeDefault.xctoolchain/usr/lib/clang/9.1.0/include"/>
					<Add directory="/Applications/Xcode.app/Contents/Developer/Toolchains/XcodeDefault.xctoolchain/usr/include"/>
					<Add directory="/System/Library/Frameworks"/>
					<Add directory="/Library/Frameworks"/>
				</Compiler>
				<MakeCommands>
					<Build command="/usr/bin/make -j4 -f &quot;/Users/song/Dropbox/gean/Makefile&quot;  VERBOSE=1 gean/fast"/>
					<CompileFile command="/usr/bin/make -j4 -f &quot;/Users/song/Dropbox/gean/Makefile&quot;  VERBOSE=1 &quot;$file&quot;"/>
					<Clean command="/usr/bin/make -j4 -f &quot;/Users/song/Dropbox/gean/Makefile&quot;  VERBOSE=1 clean"/>
					<DistClean command="/usr/bin/make -j4 -f &quot;/Users/song/Dropbox/gean/Makefile&quot;  VERBOSE=1 clean"/>
				</MakeCommands>
			</Target>
			<Target title="gtest_main">
				<Option output="/Users/song/Dropbox/gean/googletest/googletest/libgtest_maind.a" prefix_auto="0" extension_auto="0"/>
				<Option working_dir="/Users/song/Dropbox/gean/googletest/googletest"/>
				<Option object_output="./"/>
				<Option type="2"/>
				<Option compiler="gcc"/>
				<Compiler>
					<Add directory="/Users/song/Dropbox/gean/googletest/googletest"/>
					<Add directory="/Users/song/Dropbox/gean/googletest/googletest/include"/>
					<Add directory="/Applications/Xcode.app/Contents/Developer/Toolchains/XcodeDefault.xctoolchain/usr/include/c++/v1"/>
					<Add directory="/usr/local/include"/>
					<Add directory="/Applications/Xcode.app/Contents/Developer/Toolchains/XcodeDefault.xctoolchain/usr/lib/clang/9.1.0/include"/>
					<Add directory="/Applications/Xcode.app/Contents/Developer/Toolchains/XcodeDefault.xctoolchain/usr/include"/>
					<Add directory="/System/Library/Frameworks"/>
					<Add directory="/Library/Frameworks"/>
				</Compiler>
				<MakeCommands>
					<Build command="/usr/bin/make -j4 -f &quot;/Users/song/Dropbox/gean/googletest/googletest/Makefile&quot;  VERBOSE=1 gtest_main"/>
					<CompileFile command="/usr/bin/make -j4 -f &quot;/Users/song/Dropbox/gean/googletest/googletest/Makefile&quot;  VERBOSE=1 &quot;$file&quot;"/>
					<Clean command="/usr/bin/make -j4 -f &quot;/Users/song/Dropbox/gean/googletest/googletest/Makefile&quot;  VERBOSE=1 clean"/>
					<DistClean command="/usr/bin/make -j4 -f &quot;/Users/song/Dropbox/gean/googletest/googletest/Makefile&quot;  VERBOSE=1 clean"/>
				</MakeCommands>
			</Target>
			<Target title="gtest_main/fast">
				<Option output="/Users/song/Dropbox/gean/googletest/googletest/libgtest_maind.a" prefix_auto="0" extension_auto="0"/>
				<Option working_dir="/Users/song/Dropbox/gean/googletest/googletest"/>
				<Option object_output="./"/>
				<Option type="2"/>
				<Option compiler="gcc"/>
				<Compiler>
					<Add directory="/Users/song/Dropbox/gean/googletest/googletest"/>
					<Add directory="/Users/song/Dropbox/gean/googletest/googletest/include"/>
					<Add directory="/Applications/Xcode.app/Contents/Developer/Toolchains/XcodeDefault.xctoolchain/usr/include/c++/v1"/>
					<Add directory="/usr/local/include"/>
					<Add directory="/Applications/Xcode.app/Contents/Developer/Toolchains/XcodeDefault.xctoolchain/usr/lib/clang/9.1.0/include"/>
					<Add directory="/Applications/Xcode.app/Contents/Developer/Toolchains/XcodeDefault.xctoolchain/usr/include"/>
					<Add directory="/System/Library/Frameworks"/>
					<Add directory="/Library/Frameworks"/>
				</Compiler>
				<MakeCommands>
					<Build command="/usr/bin/make -j4 -f &quot;/Users/song/Dropbox/gean/googletest/googletest/Makefile&quot;  VERBOSE=1 gtest_main/fast"/>
					<CompileFile command="/usr/bin/make -j4 -f &quot;/Users/song/Dropbox/gean/googletest/googletest/Makefile&quot;  VERBOSE=1 &quot;$file&quot;"/>
					<Clean command="/usr/bin/make -j4 -f &quot;/Users/song/Dropbox/gean/googletest/googletest/Makefile&quot;  VERBOSE=1 clean"/>
					<DistClean command="/usr/bin/make -j4 -f &quot;/Users/song/Dropbox/gean/googletest/googletest/Makefile&quot;  VERBOSE=1 clean"/>
				</MakeCommands>
			</Target>
			<Target title="gtest">
				<Option output="/Users/song/Dropbox/gean/googletest/googletest/libgtestd.a" prefix_auto="0" extension_auto="0"/>
				<Option working_dir="/Users/song/Dropbox/gean/googletest/googletest"/>
				<Option object_output="./"/>
				<Option type="2"/>
				<Option compiler="gcc"/>
				<Compiler>
					<Add directory="/Users/song/Dropbox/gean/googletest/googletest/include"/>
					<Add directory="/Users/song/Dropbox/gean/googletest/googletest"/>
					<Add directory="/Applications/Xcode.app/Contents/Developer/Toolchains/XcodeDefault.xctoolchain/usr/include/c++/v1"/>
					<Add directory="/usr/local/include"/>
					<Add directory="/Applications/Xcode.app/Contents/Developer/Toolchains/XcodeDefault.xctoolchain/usr/lib/clang/9.1.0/include"/>
					<Add directory="/Applications/Xcode.app/Contents/Developer/Toolchains/XcodeDefault.xctoolchain/usr/include"/>
					<Add directory="/System/Library/Frameworks"/>
					<Add directory="/Library/Frameworks"/>
				</Compiler>
				<MakeCommands>
					<Build command="/usr/bin/make -j4 -f &quot;/Users/song/Dropbox/gean/googletest/googletest/Makefile&quot;  VERBOSE=1 gtest"/>
					<CompileFile command="/usr/bin/make -j4 -f &quot;/Users/song/Dropbox/gean/googletest/googletest/Makefile&quot;  VERBOSE=1 &quot;$file&quot;"/>
					<Clean command="/usr/bin/make -j4 -f &quot;/Users/song/Dropbox/gean/googletest/googletest/Makefile&quot;  VERBOSE=1 clean"/>
					<DistClean command="/usr/bin/make -j4 -f &quot;/Users/song/Dropbox/gean/googletest/googletest/Makefile&quot;  VERBOSE=1 clean"/>
				</MakeCommands>
			</Target>
			<Target title="gtest/fast">
				<Option output="/Users/song/Dropbox/gean/googletest/googletest/libgtestd.a" prefix_auto="0" extension_auto="0"/>
				<Option working_dir="/Users/song/Dropbox/gean/googletest/googletest"/>
				<Option object_output="./"/>
				<Option type="2"/>
				<Option compiler="gcc"/>
				<Compiler>
					<Add directory="/Users/song/Dropbox/gean/googletest/googletest/include"/>
					<Add directory="/Users/song/Dropbox/gean/googletest/googletest"/>
					<Add directory="/Applications/Xcode.app/Contents/Developer/Toolchains/XcodeDefault.xctoolchain/usr/include/c++/v1"/>
					<Add directory="/usr/local/include"/>
					<Add directory="/Applications/Xcode.app/Contents/Developer/Toolchains/XcodeDefault.xctoolchain/usr/lib/clang/9.1.0/include"/>
					<Add directory="/Applications/Xcode.app/Contents/Developer/Toolchains/XcodeDefault.xctoolchain/usr/include"/>
					<Add directory="/System/Library/Frameworks"/>
					<Add directory="/Library/Frameworks"/>
				</Compiler>
				<MakeCommands>
					<Build command="/usr/bin/make -j4 -f &quot;/Users/song/Dropbox/gean/googletest/googletest/Makefile&quot;  VERBOSE=1 gtest/fast"/>
					<CompileFile command="/usr/bin/make -j4 -f &quot;/Users/song/Dropbox/gean/googletest/googletest/Makefile&quot;  VERBOSE=1 &quot;$file&quot;"/>
					<Clean command="/usr/bin/make -j4 -f &quot;/Users/song/Dropbox/gean/googletest/googletest/Makefile&quot;  VERBOSE=1 clean"/>
					<DistClean command="/usr/bin/make -j4 -f &quot;/Users/song/Dropbox/gean/googletest/googletest/Makefile&quot;  VERBOSE=1 clean"/>
				</MakeCommands>
			</Target>
		</Build>
		<Unit filename="/Users/song/Dropbox/gean/googletest">
			<Option target="gean"/>
		</Unit>
		<Unit filename="/Users/song/Dropbox/gean/googletest/googletest">
			<Option target="gean"/>
		</Unit>
		<Unit filename="/Users/song/Dropbox/gean/googletest/googletest/src/gtest-all.cc">
			<Option target="gtest"/>
		</Unit>
		<Unit filename="/Users/song/Dropbox/gean/googletest/googletest/src/gtest_main.cc">
			<Option target="gtest_main"/>
		</Unit>
		<Unit filename="/Users/song/Dropbox/gean/song.cpp">
			<Option target="gean"/>
		</Unit>
		<Unit filename="/Users/song/Dropbox/gean/src/InputParser.cpp">
			<Option target="gean"/>
		</Unit>
		<Unit filename="/Users/song/Dropbox/gean/src/InputParser.h">
			<Option target="gean"/>
		</Unit>
		<Unit filename="/Users/song/Dropbox/gean/src/cns.cpp">
			<Option target="gean"/>
		</Unit>
		<Unit filename="/Users/song/Dropbox/gean/src/control/VariantsCountAsPhenotypeForAssociation.cpp">
			<Option target="gean"/>
		</Unit>
		<Unit filename="/Users/song/Dropbox/gean/src/control/VariantsCountAsPhenotypeForAssociation.h">
			<Option target="gean"/>
		</Unit>
		<Unit filename="/Users/song/Dropbox/gean/src/control/myControl.h">
			<Option target="gean"/>
		</Unit>
		<Unit filename="/Users/song/Dropbox/gean/src/control/myCoordinateLiftOver.cpp">
			<Option target="gean"/>
		</Unit>
		<Unit filename="/Users/song/Dropbox/gean/src/control/myCoordinateLiftOver.h">
			<Option target="gean"/>
		</Unit>
		<Unit filename="/Users/song/Dropbox/gean/src/control/myReAnnotationAndExonerateAndNovo.cpp">
			<Option target="gean"/>
		</Unit>
		<Unit filename="/Users/song/Dropbox/gean/src/control/myReAnnotationAndExonerateAndNovo.h">
			<Option target="gean"/>
		</Unit>
		<Unit filename="/Users/song/Dropbox/gean/src/controlLayer.cpp">
			<Option target="gean"/>
		</Unit>
		<Unit filename="/Users/song/Dropbox/gean/src/controlLayer.h">
			<Option target="gean"/>
		</Unit>
		<Unit filename="/Users/song/Dropbox/gean/src/impl/CheckAndUpdateTranscriptsEnds.cpp">
			<Option target="gean"/>
		</Unit>
		<Unit filename="/Users/song/Dropbox/gean/src/impl/CheckAndUpdateTranscriptsEnds.h">
			<Option target="gean"/>
		</Unit>
		<Unit filename="/Users/song/Dropbox/gean/src/impl/FileWriteCatch.cpp">
			<Option target="gean"/>
		</Unit>
		<Unit filename="/Users/song/Dropbox/gean/src/impl/FileWriteCatch.h">
			<Option target="gean"/>
		</Unit>
		<Unit filename="/Users/song/Dropbox/gean/src/impl/GetPseudoGenomeSequence.cpp">
			<Option target="gean"/>
		</Unit>
		<Unit filename="/Users/song/Dropbox/gean/src/impl/GetPseudoGenomeSequence.h">
			<Option target="gean"/>
		</Unit>
		<Unit filename="/Users/song/Dropbox/gean/src/impl/GetReverseComplementary.cpp">
			<Option target="gean"/>
		</Unit>
		<Unit filename="/Users/song/Dropbox/gean/src/impl/GetReverseComplementary.h">
			<Option target="gean"/>
		</Unit>
		<Unit filename="/Users/song/Dropbox/gean/src/impl/NucmerRead.cpp">
			<Option target="gean"/>
		</Unit>
		<Unit filename="/Users/song/Dropbox/gean/src/impl/NucmerRead.h">
			<Option target="gean"/>
		</Unit>
		<Unit filename="/Users/song/Dropbox/gean/src/impl/TranscriptUpdateInformation.cpp">
			<Option target="gean"/>
		</Unit>
		<Unit filename="/Users/song/Dropbox/gean/src/impl/TranscriptUpdateInformation.h">
			<Option target="gean"/>
		</Unit>
		<Unit filename="/Users/song/Dropbox/gean/src/impl/WriteFasta.cpp">
			<Option target="gean"/>
		</Unit>
		<Unit filename="/Users/song/Dropbox/gean/src/impl/WriteFasta.h">
			<Option target="gean"/>
		</Unit>
		<Unit filename="/Users/song/Dropbox/gean/src/impl/annotationLiftOver.cpp">
			<Option target="gean"/>
		</Unit>
		<Unit filename="/Users/song/Dropbox/gean/src/impl/annotationLiftOver.h">
			<Option target="gean"/>
		</Unit>
		<Unit filename="/Users/song/Dropbox/gean/src/impl/checkOrfState.cpp">
			<Option target="gean"/>
		</Unit>
		<Unit filename="/Users/song/Dropbox/gean/src/impl/checkOrfState.h">
			<Option target="gean"/>
		</Unit>
		<Unit filename="/Users/song/Dropbox/gean/src/impl/coordinateLiftOver.cpp">
			<Option target="gean"/>
		</Unit>
		<Unit filename="/Users/song/Dropbox/gean/src/impl/coordinateLiftOver.h">
			<Option target="gean"/>
		</Unit>
		<Unit filename="/Users/song/Dropbox/gean/src/impl/deNovoGenomeVariantCalling.cpp">
			<Option target="gean"/>
		</Unit>
		<Unit filename="/Users/song/Dropbox/gean/src/impl/deNovoGenomeVariantCalling.h">
			<Option target="gean"/>
		</Unit>
		<Unit filename="/Users/song/Dropbox/gean/src/impl/getSequencesFromGff.cpp">
			<Option target="gean"/>
		</Unit>
		<Unit filename="/Users/song/Dropbox/gean/src/impl/getSequencesFromGff.h">
			<Option target="gean"/>
		</Unit>
		<Unit filename="/Users/song/Dropbox/gean/src/impl/getSubsequence.cpp">
			<Option target="gean"/>
		</Unit>
		<Unit filename="/Users/song/Dropbox/gean/src/impl/getSubsequence.h">
			<Option target="gean"/>
		</Unit>
		<Unit filename="/Users/song/Dropbox/gean/src/impl/impl.h">
			<Option target="gean"/>
		</Unit>
		<Unit filename="/Users/song/Dropbox/gean/src/impl/nA2AA.cpp">
			<Option target="gean"/>
		</Unit>
		<Unit filename="/Users/song/Dropbox/gean/src/impl/nA2AA.h">
			<Option target="gean"/>
		</Unit>
		<Unit filename="/Users/song/Dropbox/gean/src/impl/organizeGffRecords.cpp">
			<Option target="gean"/>
		</Unit>
		<Unit filename="/Users/song/Dropbox/gean/src/impl/organizeGffRecords.h">
			<Option target="gean"/>
		</Unit>
		<Unit filename="/Users/song/Dropbox/gean/src/impl/readFastaFile.cpp">
			<Option target="gean"/>
		</Unit>
		<Unit filename="/Users/song/Dropbox/gean/src/impl/readFastaFile.h">
			<Option target="gean"/>
		</Unit>
		<Unit filename="/Users/song/Dropbox/gean/src/impl/readGffFile.cpp">
			<Option target="gean"/>
		</Unit>
		<Unit filename="/Users/song/Dropbox/gean/src/impl/readGffFile.h">
			<Option target="gean"/>
		</Unit>
		<Unit filename="/Users/song/Dropbox/gean/src/impl/readGffFileWithEverything.cpp">
			<Option target="gean"/>
		</Unit>
		<Unit filename="/Users/song/Dropbox/gean/src/impl/readGffFileWithEverything.h">
			<Option target="gean"/>
		</Unit>
		<Unit filename="/Users/song/Dropbox/gean/src/impl/readSdiFile.cpp">
			<Option target="gean"/>
		</Unit>
		<Unit filename="/Users/song/Dropbox/gean/src/impl/readSdiFile.h">
			<Option target="gean"/>
		</Unit>
		<Unit filename="/Users/song/Dropbox/gean/src/model/AlignmentMatch.cpp">
			<Option target="gean"/>
		</Unit>
		<Unit filename="/Users/song/Dropbox/gean/src/model/AlignmentMatch.h">
			<Option target="gean"/>
		</Unit>
		<Unit filename="/Users/song/Dropbox/gean/src/model/Fasta.cpp">
			<Option target="gean"/>
		</Unit>
		<Unit filename="/Users/song/Dropbox/gean/src/model/Fasta.h">
			<Option target="gean"/>
		</Unit>
		<Unit filename="/Users/song/Dropbox/gean/src/model/FirstLastList.cpp">
			<Option target="gean"/>
		</Unit>
		<Unit filename="/Users/song/Dropbox/gean/src/model/FirstLastList.h">
			<Option target="gean"/>
		</Unit>
		<Unit filename="/Users/song/Dropbox/gean/src/model/Gene.cpp">
			<Option target="gean"/>
		</Unit>
		<Unit filename="/Users/song/Dropbox/gean/src/model/Gene.h">
			<Option target="gean"/>
		</Unit>
		<Unit filename="/Users/song/Dropbox/gean/src/model/GenomeBasicFeature.cpp">
			<Option target="gean"/>
		</Unit>
		<Unit filename="/Users/song/Dropbox/gean/src/model/GenomeBasicFeature.h">
			<Option target="gean"/>
		</Unit>
		<Unit filename="/Users/song/Dropbox/gean/src/model/MsaFileRecord.cpp">
			<Option target="gean"/>
		</Unit>
		<Unit filename="/Users/song/Dropbox/gean/src/model/MsaFileRecord.h">
			<Option target="gean"/>
		</Unit>
		<Unit filename="/Users/song/Dropbox/gean/src/model/MsaSingleRecord.cpp">
			<Option target="gean"/>
		</Unit>
		<Unit filename="/Users/song/Dropbox/gean/src/model/MsaSingleRecord.h">
			<Option target="gean"/>
		</Unit>
		<Unit filename="/Users/song/Dropbox/gean/src/model/MsaWindow.cpp">
			<Option target="gean"/>
		</Unit>
		<Unit filename="/Users/song/Dropbox/gean/src/model/MsaWindow.h">
			<Option target="gean"/>
		</Unit>
		<Unit filename="/Users/song/Dropbox/gean/src/model/REGION.h">
			<Option target="gean"/>
		</Unit>
		<Unit filename="/Users/song/Dropbox/gean/src/model/Range.cpp">
			<Option target="gean"/>
		</Unit>
		<Unit filename="/Users/song/Dropbox/gean/src/model/Range.h">
			<Option target="gean"/>
		</Unit>
		<Unit filename="/Users/song/Dropbox/gean/src/model/STRAND.h">
			<Option target="gean"/>
		</Unit>
		<Unit filename="/Users/song/Dropbox/gean/src/model/Transcript.cpp">
			<Option target="gean"/>
		</Unit>
		<Unit filename="/Users/song/Dropbox/gean/src/model/Transcript.h">
			<Option target="gean"/>
		</Unit>
		<Unit filename="/Users/song/Dropbox/gean/src/model/TwoSeqOfMsaResult.cpp">
			<Option target="gean"/>
		</Unit>
		<Unit filename="/Users/song/Dropbox/gean/src/model/TwoSeqOfMsaResult.h">
			<Option target="gean"/>
		</Unit>
		<Unit filename="/Users/song/Dropbox/gean/src/model/model.h">
			<Option target="gean"/>
		</Unit>
		<Unit filename="/Users/song/Dropbox/gean/src/model/variant.cpp">
			<Option target="gean"/>
		</Unit>
		<Unit filename="/Users/song/Dropbox/gean/src/model/variant.h">
			<Option target="gean"/>
		</Unit>
		<Unit filename="/Users/song/Dropbox/gean/src/myImportandFunction/alignNeedlemanForTranscript.cpp">
			<Option target="gean"/>
		</Unit>
		<Unit filename="/Users/song/Dropbox/gean/src/myImportandFunction/alignNeedlemanForTranscript.h">
			<Option target="gean"/>
		</Unit>
		<Unit filename="/Users/song/Dropbox/gean/src/myImportandFunction/alignNeedlemanForTranscript_simd_avx2int16.cpp">
			<Option target="gean"/>
		</Unit>
		<Unit filename="/Users/song/Dropbox/gean/src/myImportandFunction/alignNeedlemanForTranscript_simd_avx2int16.h">
			<Option target="gean"/>
		</Unit>
		<Unit filename="/Users/song/Dropbox/gean/src/myImportandFunction/alignNeedlemanForTranscript_simd_avx2int32.cpp">
			<Option target="gean"/>
		</Unit>
		<Unit filename="/Users/song/Dropbox/gean/src/myImportandFunction/alignNeedlemanForTranscript_simd_avx2int32.h">
			<Option target="gean"/>
		</Unit>
		<Unit filename="/Users/song/Dropbox/gean/src/myImportandFunction/alignNeedlemanWunsch.h">
			<Option target="gean"/>
		</Unit>
		<Unit filename="/Users/song/Dropbox/gean/src/myImportandFunction/alignNeedlemanWunsch_simd.cpp">
			<Option target="gean"/>
		</Unit>
		<Unit filename="/Users/song/Dropbox/gean/src/myImportandFunction/alignNeedlemanWunsch_simd.h">
			<Option target="gean"/>
		</Unit>
		<Unit filename="/Users/song/Dropbox/gean/src/myImportandFunction/alignNeedlemanWunsch_v2.cpp">
			<Option target="gean"/>
		</Unit>
		<Unit filename="/Users/song/Dropbox/gean/src/myImportandFunction/alignSlidingWindow.cpp">
			<Option target="gean"/>
		</Unit>
		<Unit filename="/Users/song/Dropbox/gean/src/myImportandFunction/alignSlidingWindow.h">
			<Option target="gean"/>
		</Unit>
		<Unit filename="/Users/song/Dropbox/gean/src/myImportandFunction/alignTranscript.cpp">
			<Option target="gean"/>
		</Unit>
		<Unit filename="/Users/song/Dropbox/gean/src/myImportandFunction/alignTranscript.h">
			<Option target="gean"/>
		</Unit>
		<Unit filename="/Users/song/Dropbox/gean/src/myImportandFunction/geneAnnotationAlignment.cpp">
			<Option target="gean"/>
		</Unit>
		<Unit filename="/Users/song/Dropbox/gean/src/myImportandFunction/geneAnnotationAlignment.h">
			<Option target="gean"/>
		</Unit>
		<Unit filename="/Users/song/Dropbox/gean/src/myImportandFunction/hengAlign.cpp">
			<Option target="gean"/>
		</Unit>
		<Unit filename="/Users/song/Dropbox/gean/src/myImportandFunction/hengAlign.h">
			<Option target="gean"/>
		</Unit>
		<Unit filename="/Users/song/Dropbox/gean/src/myImportandFunction/myImportantFunction.h">
			<Option target="gean"/>
		</Unit>
		<Unit filename="/Users/song/Dropbox/gean/src/service/MSA/cutWindow.cpp">
			<Option target="gean"/>
		</Unit>
		<Unit filename="/Users/song/Dropbox/gean/src/service/MSA/cutWindow.h">
			<Option target="gean"/>
		</Unit>
		<Unit filename="/Users/song/Dropbox/gean/src/service/MSA/reSdiFromMsa.cpp">
			<Option target="gean"/>
		</Unit>
		<Unit filename="/Users/song/Dropbox/gean/src/service/MSA/reSdiFromMsa.h">
			<Option target="gean"/>
		</Unit>
		<Unit filename="/Users/song/Dropbox/gean/src/service/MSA/transcriptRealignmentPversion.cpp">
			<Option target="gean"/>
		</Unit>
		<Unit filename="/Users/song/Dropbox/gean/src/service/MSA/transcriptRealignmentPversion.h">
			<Option target="gean"/>
		</Unit>
		<Unit filename="/Users/song/Dropbox/gean/src/service/TransferGffWithNucmerResult.cpp">
			<Option target="gean"/>
		</Unit>
		<Unit filename="/Users/song/Dropbox/gean/src/service/TransferGffWithNucmerResult.h">
			<Option target="gean"/>
		</Unit>
		<Unit filename="/Users/song/Dropbox/gean/src/service/UpdateVariants.cpp">
			<Option target="gean"/>
		</Unit>
		<Unit filename="/Users/song/Dropbox/gean/src/service/UpdateVariants.h">
			<Option target="gean"/>
		</Unit>
		<Unit filename="/Users/song/Dropbox/gean/src/service/deNovoGenomeVariantCallingService.cpp">
			<Option target="gean"/>
		</Unit>
		<Unit filename="/Users/song/Dropbox/gean/src/service/deNovoGenomeVariantCallingService.h">
			<Option target="gean"/>
		</Unit>
		<Unit filename="/Users/song/Dropbox/gean/src/service/denovoGffLiftOverToUniqGffOutput.cpp">
			<Option target="gean"/>
		</Unit>
		<Unit filename="/Users/song/Dropbox/gean/src/service/denovoGffLiftOverToUniqGffOutput.h">
			<Option target="gean"/>
		</Unit>
		<Unit filename="/Users/song/Dropbox/gean/src/service/reannotation/TranscriptsTogenes.cpp">
			<Option target="gean"/>
		</Unit>
		<Unit filename="/Users/song/Dropbox/gean/src/service/reannotation/TranscriptsTogenes.h">
			<Option target="gean"/>
		</Unit>
		<Unit filename="/Users/song/Dropbox/gean/src/service/reannotation/reAnnotationAndExonerateAndNovo.cpp">
			<Option target="gean"/>
		</Unit>
		<Unit filename="/Users/song/Dropbox/gean/src/service/reannotation/reAnnotationAndExonerateAndNovo.h">
			<Option target="gean"/>
		</Unit>
		<Unit filename="/Users/song/Dropbox/gean/src/service/reannotation/runExonerate.cpp">
			<Option target="gean"/>
		</Unit>
		<Unit filename="/Users/song/Dropbox/gean/src/service/reannotation/runExonerate.h">
			<Option target="gean"/>
		</Unit>
		<Unit filename="/Users/song/Dropbox/gean/src/service/reannotation/transcriptRealignmentAndExonerate.cpp">
			<Option target="gean"/>
		</Unit>
		<Unit filename="/Users/song/Dropbox/gean/src/service/reannotation/transcriptRealignmentAndExonerate.h">
			<Option target="gean"/>
		</Unit>
		<Unit filename="/Users/song/Dropbox/gean/src/service/service.h">
			<Option target="gean"/>
		</Unit>
		<Unit filename="/Users/song/Dropbox/gean/src/sole.h">
			<Option target="gean"/>
		</Unit>
		<Unit filename="/Users/song/Dropbox/gean/src/song_cns.cpp">
			<Option target="gean"/>
		</Unit>
		<Unit filename="/Users/song/Dropbox/gean/src/song_cns.h">
			<Option target="gean"/>
		</Unit>
		<Unit filename="/Users/song/Dropbox/gean/src/tests/control/myGffCoordinateLiftOver_test.cpp">
			<Option target="gean"/>
		</Unit>
		<Unit filename="/Users/song/Dropbox/gean/src/tests/control/myReAnnotationAndExonerateAndNovo_test.cpp">
			<Option target="gean"/>
		</Unit>
		<Unit filename="/Users/song/Dropbox/gean/src/tests/impl/readFastaFile_test.cpp">
			<Option target="gean"/>
		</Unit>
		<Unit filename="/Users/song/Dropbox/gean/src/tests/impl/readGffFileWithEverything.cpp">
			<Option target="gean"/>
		</Unit>
		<Unit filename="/Users/song/Dropbox/gean/src/tests/myImportandFunction/alignNeedlemanForTranscript_simd_avx2int32.cpp">
			<Option target="gean"/>
		</Unit>
		<Unit filename="/Users/song/Dropbox/gean/src/tests/myImportandFunction/alignNeedlemanWunsch_simd_test.cpp">
			<Option target="gean"/>
		</Unit>
		<Unit filename="/Users/song/Dropbox/gean/src/tests/myImportandFunction/alignSlidingWindow_test.cpp">
			<Option target="gean"/>
		</Unit>
		<Unit filename="/Users/song/Dropbox/gean/src/tests/myImportandFunction/alignTranscript.cpp">
			<Option target="gean"/>
		</Unit>
		<Unit filename="/Users/song/Dropbox/gean/src/tests/myImportandFunction/hengAlign_test.cpp">
			<Option target="gean"/>
		</Unit>
		<Unit filename="/Users/song/Dropbox/gean/src/tests/service/TransferGffWithNucmerResult_test.cpp">
			<Option target="gean"/>
		</Unit>
		<Unit filename="/Users/song/Dropbox/gean/src/tests/service/UpdateVariants_test.cpp">
			<Option target="gean"/>
		</Unit>
		<Unit filename="/Users/song/Dropbox/gean/src/tests/std/bitsetTest.cpp">
			<Option target="gean"/>
		</Unit>
		<Unit filename="/Users/song/Dropbox/gean/src/tests/util/nucleotideCodeSubstitutionMatrix_test.cpp">
			<Option target="gean"/>
		</Unit>
		<Unit filename="/Users/song/Dropbox/gean/src/util/myutil.cpp">
			<Option target="gean"/>
		</Unit>
		<Unit filename="/Users/song/Dropbox/gean/src/util/myutil.h">
			<Option target="gean"/>
		</Unit>
		<Unit filename="/Users/song/Dropbox/gean/src/util/nucleotideCodeSubstitutionMatrix.cpp">
			<Option target="gean"/>
		</Unit>
		<Unit filename="/Users/song/Dropbox/gean/src/util/nucleotideCodeSubstitutionMatrix.h">
			<Option target="gean"/>
		</Unit>
		<Unit filename="/Users/song/Dropbox/gean/src/util/parameters.cpp">
			<Option target="gean"/>
		</Unit>
		<Unit filename="/Users/song/Dropbox/gean/src/util/parameters.h">
			<Option target="gean"/>
		</Unit>
		<Unit filename="/Users/song/Dropbox/gean/src/util/util.h">
			<Option target="gean"/>
		</Unit>
		<Unit filename="/Users/song/Dropbox/gean/CMakeLists.txt">
			<Option virtualFolder="CMake Files\"/>
		</Unit>
		<Unit filename="/Users/song/Dropbox/gean/googletest/googletest/CMakeLists.txt">
			<Option virtualFolder="CMake Files\googletest\googletest\"/>
		</Unit>
		<Unit filename="/Users/song/Dropbox/gean/googletest/googletest/cmake/internal_utils.cmake">
			<Option virtualFolder="CMake Files\googletest\googletest\cmake\"/>
		</Unit>
	</Project>
</CodeBlocks_project_file>
